
Microsoft Visual Studio Solution File, Format Version 12.00
# Visual Studio Version 17
VisualStudioVersion = 17.1.32328.378
MinimumVisualStudioVersion = 10.0.40219.1
Project("{FAE04EC0-301F-11D3-BF4B-00C04F79EFBC}") = "TestAPI", "TestAPI\TestAPI.csproj", "{8702D0DA-2C21-4C8D-8E75-7F9090D9407E}"
EndProject
Global
	GlobalSection(SolutionConfigurationPlatforms) = preSolution
		Debug|Any CPU = Debug|Any CPU
		Release|Any CPU = Release|Any CPU
	EndGlobalSection
	GlobalSection(ProjectConfigurationPlatforms) = postSolution
		{8702D0DA-2C21-4C8D-8E75-7F9090D9407E}.Debug|Any CPU.ActiveCfg = Debug|Any CPU
		{8702D0DA-2C21-4C8D-8E75-7F9090D9407E}.Debug|Any CPU.Build.0 = Debug|Any CPU
		{8702D0DA-2C21-4C8D-8E75-7F9090D9407E}.Release|Any CPU.ActiveCfg = Release|Any CPU
		{8702D0DA-2C21-4C8D-8E75-7F9090D9407E}.Release|Any CPU.Build.0 = Release|Any CPU
	EndGlobalSection
	GlobalSection(SolutionProperties) = preSolution
		HideSolutionNode = FALSE
	EndGlobalSection
	GlobalSection(ExtensibilityGlobals) = postSolution
		SolutionGuid = {ADC7A1D2-0323-4490-BF9D-4D0F4E216944}
	EndGlobalSection
EndGlobal
